
Microsoft Visual Studio Solution File, Format Version 12.00
# Visual Studio Version 16
VisualStudioVersion = 16.0.31321.278
MinimumVisualStudioVersion = 10.0.40219.1
Project("{9A19103F-16F7-4668-BE54-9A1E7A4F7556}") = "Etms.Api", "Etms.Api\Etms.Api.csproj", "{43BD30A4-8DA1-419D-9BCF-A67DEFC054D9}"
EndProject
Project("{FAE04EC0-301F-11D3-BF4B-00C04F79EFBC}") = "Etms.Api.Tests", "Etms.Api.Tests\Etms.Api.Tests.csproj", "{82B9617F-6DD0-4B61-B884-242A2096BB49}"
EndProject
Global
	GlobalSection(SolutionConfigurationPlatforms) = preSolution
		Debug|Any CPU = Debug|Any CPU
		Release|Any CPU = Release|Any CPU
	EndGlobalSection
	GlobalSection(ProjectConfigurationPlatforms) = postSolution
		{43BD30A4-8DA1-419D-9BCF-A67DEFC054D9}.Debug|Any CPU.ActiveCfg = Debug|Any CPU
		{43BD30A4-8DA1-419D-9BCF-A67DEFC054D9}.Debug|Any CPU.Build.0 = Debug|Any CPU
		{43BD30A4-8DA1-419D-9BCF-A67DEFC054D9}.Release|Any CPU.ActiveCfg = Release|Any CPU
		{43BD30A4-8DA1-419D-9BCF-A67DEFC054D9}.Release|Any CPU.Build.0 = Release|Any CPU
		{82B9617F-6DD0-4B61-B884-242A2096BB49}.Debug|Any CPU.ActiveCfg = Debug|Any CPU
		{82B9617F-6DD0-4B61-B884-242A2096BB49}.Debug|Any CPU.Build.0 = Debug|Any CPU
		{82B9617F-6DD0-4B61-B884-242A2096BB49}.Release|Any CPU.ActiveCfg = Release|Any CPU
		{82B9617F-6DD0-4B61-B884-242A2096BB49}.Release|Any CPU.Build.0 = Release|Any CPU
	EndGlobalSection
	GlobalSection(SolutionProperties) = preSolution
		HideSolutionNode = FALSE
	EndGlobalSection
	GlobalSection(ExtensibilityGlobals) = postSolution
		SolutionGuid = {EA4C7782-C4B5-43C5-9E03-D5577343A14F}
	EndGlobalSection
EndGlobal
